
Microsoft Visual Studio Solution File, Format Version 12.00
# Visual Studio 15
VisualStudioVersion = 15.0.28010.2026
MinimumVisualStudioVersion = 10.0.40219.1
Project("{FAE04EC0-301F-11D3-BF4B-00C04F79EFBC}") = "Project EDEO", "Project EDEO\Project EDEO.csproj", "{C498EF64-674F-496F-B3BC-E11F73B07451}"
EndProject
Global
	GlobalSection(SolutionConfigurationPlatforms) = preSolution
		Debug|Any CPU = Debug|Any CPU
		Release|Any CPU = Release|Any CPU
	EndGlobalSection
	GlobalSection(ProjectConfigurationPlatforms) = postSolution
		{C498EF64-674F-496F-B3BC-E11F73B07451}.Debug|Any CPU.ActiveCfg = Debug|Any CPU
		{C498EF64-674F-496F-B3BC-E11F73B07451}.Debug|Any CPU.Build.0 = Debug|Any CPU
		{C498EF64-674F-496F-B3BC-E11F73B07451}.Release|Any CPU.ActiveCfg = Release|Any CPU
		{C498EF64-674F-496F-B3BC-E11F73B07451}.Release|Any CPU.Build.0 = Release|Any CPU
	EndGlobalSection
	GlobalSection(SolutionProperties) = preSolution
		HideSolutionNode = FALSE
	EndGlobalSection
	GlobalSection(ExtensibilityGlobals) = postSolution
		SolutionGuid = {927A3782-0317-4128-8819-11E25C89D7B9}
	EndGlobalSection
EndGlobal
